
Microsoft Visual Studio Solution File, Format Version 12.00
# Visual Studio Version 16
VisualStudioVersion = 16.0.30804.86
MinimumVisualStudioVersion = 10.0.40219.1
Project("{2150E333-8FDC-42A3-9474-1A3956D46DE8}") = "src", "src", "{334BD9D5-4FE9-4320-9BC8-D5FCB88BF38C}"
EndProject
Project("{9A19103F-16F7-4668-BE54-9A1E7A4F7556}") = "Domain", "src\Domain\Domain.csproj", "{B61DD6DE-00CE-4246-8F86-99C87AF9B4F2}"
EndProject
Project("{9A19103F-16F7-4668-BE54-9A1E7A4F7556}") = "Business", "src\Business\Business.csproj", "{DD11ECD1-9C8C-42B2-BC0B-3489868B491B}"
EndProject
Project("{FAE04EC0-301F-11D3-BF4B-00C04F79EFBC}") = "Producer", "src\Producer\Producer.csproj", "{20B0516C-56C6-4654-B06D-C7AFA2DC1707}"
EndProject
Global
	GlobalSection(SolutionConfigurationPlatforms) = preSolution
		Debug|Any CPU = Debug|Any CPU
		Release|Any CPU = Release|Any CPU
	EndGlobalSection
	GlobalSection(ProjectConfigurationPlatforms) = postSolution
		{B61DD6DE-00CE-4246-8F86-99C87AF9B4F2}.Debug|Any CPU.ActiveCfg = Debug|Any CPU
		{B61DD6DE-00CE-4246-8F86-99C87AF9B4F2}.Debug|Any CPU.Build.0 = Debug|Any CPU
		{B61DD6DE-00CE-4246-8F86-99C87AF9B4F2}.Release|Any CPU.ActiveCfg = Release|Any CPU
		{B61DD6DE-00CE-4246-8F86-99C87AF9B4F2}.Release|Any CPU.Build.0 = Release|Any CPU
		{DD11ECD1-9C8C-42B2-BC0B-3489868B491B}.Debug|Any CPU.ActiveCfg = Debug|Any CPU
		{DD11ECD1-9C8C-42B2-BC0B-3489868B491B}.Debug|Any CPU.Build.0 = Debug|Any CPU
		{DD11ECD1-9C8C-42B2-BC0B-3489868B491B}.Release|Any CPU.ActiveCfg = Release|Any CPU
		{DD11ECD1-9C8C-42B2-BC0B-3489868B491B}.Release|Any CPU.Build.0 = Release|Any CPU
		{20B0516C-56C6-4654-B06D-C7AFA2DC1707}.Debug|Any CPU.ActiveCfg = Debug|Any CPU
		{20B0516C-56C6-4654-B06D-C7AFA2DC1707}.Debug|Any CPU.Build.0 = Debug|Any CPU
		{20B0516C-56C6-4654-B06D-C7AFA2DC1707}.Release|Any CPU.ActiveCfg = Release|Any CPU
		{20B0516C-56C6-4654-B06D-C7AFA2DC1707}.Release|Any CPU.Build.0 = Release|Any CPU
	EndGlobalSection
	GlobalSection(SolutionProperties) = preSolution
		HideSolutionNode = FALSE
	EndGlobalSection
	GlobalSection(NestedProjects) = preSolution
		{B61DD6DE-00CE-4246-8F86-99C87AF9B4F2} = {334BD9D5-4FE9-4320-9BC8-D5FCB88BF38C}
		{DD11ECD1-9C8C-42B2-BC0B-3489868B491B} = {334BD9D5-4FE9-4320-9BC8-D5FCB88BF38C}
		{20B0516C-56C6-4654-B06D-C7AFA2DC1707} = {334BD9D5-4FE9-4320-9BC8-D5FCB88BF38C}
	EndGlobalSection
	GlobalSection(ExtensibilityGlobals) = postSolution
		SolutionGuid = {D44FE845-1C64-447D-9039-FA7D23B14E5A}
	EndGlobalSection
EndGlobal
